
Microsoft Visual Studio Solution File, Format Version 12.00
# Visual Studio 15
VisualStudioVersion = 15.0.27703.2035
MinimumVisualStudioVersion = 10.0.40219.1
Project("{FAE04EC0-301F-11D3-BF4B-00C04F79EFBC}") = "movies-api", "movies-api\movies-api.csproj", "{993B3E9D-317D-4239-80B1-38B149D4F766}"
EndProject
Project("{FAE04EC0-301F-11D3-BF4B-00C04F79EFBC}") = "movies-test", "movies-test\movies-test.csproj", "{0DC6F3EA-8F5C-410E-9721-C95CC008DF46}"
EndProject
Global
	GlobalSection(SolutionConfigurationPlatforms) = preSolution
		Debug|Any CPU = Debug|Any CPU
		Release|Any CPU = Release|Any CPU
	EndGlobalSection
	GlobalSection(ProjectConfigurationPlatforms) = postSolution
		{993B3E9D-317D-4239-80B1-38B149D4F766}.Debug|Any CPU.ActiveCfg = Debug|Any CPU
		{993B3E9D-317D-4239-80B1-38B149D4F766}.Debug|Any CPU.Build.0 = Debug|Any CPU
		{993B3E9D-317D-4239-80B1-38B149D4F766}.Release|Any CPU.ActiveCfg = Release|Any CPU
		{993B3E9D-317D-4239-80B1-38B149D4F766}.Release|Any CPU.Build.0 = Release|Any CPU
		{0DC6F3EA-8F5C-410E-9721-C95CC008DF46}.Debug|Any CPU.ActiveCfg = Debug|Any CPU
		{0DC6F3EA-8F5C-410E-9721-C95CC008DF46}.Debug|Any CPU.Build.0 = Debug|Any CPU
		{0DC6F3EA-8F5C-410E-9721-C95CC008DF46}.Release|Any CPU.ActiveCfg = Release|Any CPU
		{0DC6F3EA-8F5C-410E-9721-C95CC008DF46}.Release|Any CPU.Build.0 = Release|Any CPU
	EndGlobalSection
	GlobalSection(SolutionProperties) = preSolution
		HideSolutionNode = FALSE
	EndGlobalSection
	GlobalSection(ExtensibilityGlobals) = postSolution
		SolutionGuid = {E8058CB3-286F-40E3-A4B5-F062878EDD0F}
	EndGlobalSection
EndGlobal
